
Microsoft Visual Studio Solution File, Format Version 12.00
# Visual Studio Version 16
VisualStudioVersion = 16.0.29102.190
MinimumVisualStudioVersion = 10.0.40219.1
Project("{FAE04EC0-301F-11D3-BF4B-00C04F79EFBC}") = "Portfolio.Website", "Portfolio.Website\Portfolio.Website.csproj", "{4004ECFE-0738-4D48-93F5-2D8E834D4434}"
EndProject
Project("{FAE04EC0-301F-11D3-BF4B-00C04F79EFBC}") = "Portfolio.Website.Api", "Portfolio.Website.Api\Portfolio.Website.Api.csproj", "{A877F79F-2506-4E7D-B404-2C9B26C87C97}"
EndProject
Global
	GlobalSection(SolutionConfigurationPlatforms) = preSolution
		Debug|Any CPU = Debug|Any CPU
		Release|Any CPU = Release|Any CPU
	EndGlobalSection
	GlobalSection(ProjectConfigurationPlatforms) = postSolution
		{4004ECFE-0738-4D48-93F5-2D8E834D4434}.Debug|Any CPU.ActiveCfg = Debug|Any CPU
		{4004ECFE-0738-4D48-93F5-2D8E834D4434}.Debug|Any CPU.Build.0 = Debug|Any CPU
		{4004ECFE-0738-4D48-93F5-2D8E834D4434}.Release|Any CPU.ActiveCfg = Release|Any CPU
		{4004ECFE-0738-4D48-93F5-2D8E834D4434}.Release|Any CPU.Build.0 = Release|Any CPU
		{A877F79F-2506-4E7D-B404-2C9B26C87C97}.Debug|Any CPU.ActiveCfg = Debug|Any CPU
		{A877F79F-2506-4E7D-B404-2C9B26C87C97}.Debug|Any CPU.Build.0 = Debug|Any CPU
		{A877F79F-2506-4E7D-B404-2C9B26C87C97}.Release|Any CPU.ActiveCfg = Release|Any CPU
		{A877F79F-2506-4E7D-B404-2C9B26C87C97}.Release|Any CPU.Build.0 = Release|Any CPU
	EndGlobalSection
	GlobalSection(SolutionProperties) = preSolution
		HideSolutionNode = FALSE
	EndGlobalSection
	GlobalSection(ExtensibilityGlobals) = postSolution
		SolutionGuid = {9A43F89B-83A8-4621-BE66-75388EEC0696}
	EndGlobalSection
EndGlobal
